
Microsoft Visual Studio Solution File, Format Version 11.00
# Visual Studio 2010
Project("{FAE04EC0-301F-11D3-BF4B-00C04F79EFBC}") = "TimGumchewer", "TimGumchewer\TimGumchewer\TimGumchewer.csproj", "{62ECF775-2C99-40D4-90EB-892A59C68D99}"
EndProject
Project("{96E2B04D-8817-42C6-938A-82C39BA4D311}") = "TimGumchewerContent", "TimGumchewer\TimGumchewerContent\TimGumchewerContent.contentproj", "{832D7BB7-242E-4BBD-88CD-35F1ED06AC41}"
EndProject
Global
	GlobalSection(SolutionConfigurationPlatforms) = preSolution
		Debug|x86 = Debug|x86
		Release|x86 = Release|x86
	EndGlobalSection
	GlobalSection(ProjectConfigurationPlatforms) = postSolution
		{62ECF775-2C99-40D4-90EB-892A59C68D99}.Debug|x86.ActiveCfg = Debug|x86
		{62ECF775-2C99-40D4-90EB-892A59C68D99}.Debug|x86.Build.0 = Debug|x86
		{62ECF775-2C99-40D4-90EB-892A59C68D99}.Release|x86.ActiveCfg = Release|x86
		{62ECF775-2C99-40D4-90EB-892A59C68D99}.Release|x86.Build.0 = Release|x86
		{832D7BB7-242E-4BBD-88CD-35F1ED06AC41}.Debug|x86.ActiveCfg = Debug|x86
		{832D7BB7-242E-4BBD-88CD-35F1ED06AC41}.Release|x86.ActiveCfg = Release|x86
	EndGlobalSection
	GlobalSection(SolutionProperties) = preSolution
		HideSolutionNode = FALSE
	EndGlobalSection
EndGlobal
